#MicroXplorer Configuration settings - do not modify
#Fri Jun 13 09:44:09 CEST 2014
File.Version=1
KeepUserPlacement=false
Mcu.Family=STM32F3
Mcu.IP0=CAN
Mcu.IP1=SYS
Mcu.IP2=USART1
Mcu.IPNb=3
Mcu.Name=STM32F303C(B-C)Tx
Mcu.Package=LQFP48
Mcu.Pin0=PF0-OSC_IN
Mcu.Pin1=PF1-OSC_OUT
Mcu.Pin10=PB8
Mcu.Pin11=PB9
Mcu.Pin2=PA9
Mcu.Pin3=PA10
Mcu.Pin4=PA11
Mcu.Pin5=PA12
Mcu.Pin6=PA13
Mcu.Pin7=PA14
Mcu.Pin8=PA15
Mcu.Pin9=PB3
Mcu.PinsNb=12
Mcu.UserName=STM32F303CBTx
PA10.Mode=Asynchronous
PA10.Signal=USART1_RX
PA11.Mode=CTS_RTS
PA11.Signal=USART1_CTS
PA12.Mode=CTS_RTS
PA12.Signal=USART1_RTS
PA13.Mode=JTAG(4-pin)
PA13.Signal=SYS_JTMS-SWDIO
PA14.Mode=JTAG(4-pin)
PA14.Signal=SYS_JTCK-SWCLK
PA15.Mode=JTAG(4-pin)
PA15.Signal=SYS_JTDI
PA9.Mode=Asynchronous
PA9.Signal=USART1_TX
PB3.Mode=JTAG(4-pin)
PB3.Signal=SYS_JTDO-TRACESWO
PB8.Mode=Master
PB8.Signal=CAN_RX
PB9.Mode=Master
PB9.Signal=CAN_TX
PF0-OSC_IN.Signal=SYS_OSC_IN
PF1-OSC_OUT.GPIOParameters=GPIO_Label
PF1-OSC_OUT.GPIO_Label=LED
PF1-OSC_OUT.Signal=GPIO_Output
